// !$*UTF8*$!
{
	archiveVersion = 1;
	classes = {
	};
	objectVersion = 77;
	objects = {

/* Begin PBXBuildFile section */
		905AD1352D15EBAF003961F4 /* FirebaseAuth in Frameworks */ = {isa = PBXBuildFile; productRef = 905AD1342D15EBAF003961F4 /* FirebaseAuth */; };
		905AD1372D15EBAF003961F4 /* FirebaseCore in Frameworks */ = {isa = PBXBuildFile; productRef = 905AD1362D15EBAF003961F4 /* FirebaseCore */; };
		905AD1392D15EBAF003961F4 /* FirebaseFirestore in Frameworks */ = {isa = PBXBuildFile; productRef = 905AD1382D15EBAF003961F4 /* FirebaseFirestore */; };
		905AD13B2D15EBAF003961F4 /* FirebaseFunctions in Frameworks */ = {isa = PBXBuildFile; productRef = 905AD13A2D15EBAF003961F4 /* FirebaseFunctions */; };
/* End PBXBuildFile section */

/* Begin PBXContainerItemProxy section */
		90B160FD2D08A59E0044A417 /* PBXContainerItemProxy */ = {
			isa = PBXContainerItemProxy;
			containerPortal = 90B160DF2D08A59D0044A417 /* Project object */;
			proxyType = 1;
			remoteGlobalIDString = 90B160E62D08A59D0044A417;
			remoteInfo = Countdowner;
		};
		90B161072D08A59E0044A417 /* PBXContainerItemProxy */ = {
			isa = PBXContainerItemProxy;
			containerPortal = 90B160DF2D08A59D0044A417 /* Project object */;
			proxyType = 1;
			remoteGlobalIDString = 90B160E62D08A59D0044A417;
			remoteInfo = Countdowner;
		};
/* End PBXContainerItemProxy section */

/* Begin PBXFileReference section */
		90B160E72D08A59D0044A417 /* Countdowner.app */ = {isa = PBXFileReference; explicitFileType = wrapper.application; includeInIndex = 0; path = Countdowner.app; sourceTree = BUILT_PRODUCTS_DIR; };
		90B160FC2D08A59E0044A417 /* CountdownerTests.xctest */ = {isa = PBXFileReference; explicitFileType = wrapper.cfbundle; includeInIndex = 0; path = CountdownerTests.xctest; sourceTree = BUILT_PRODUCTS_DIR; };
		90B161062D08A59E0044A417 /* CountdownerUITests.xctest */ = {isa = PBXFileReference; explicitFileType = wrapper.cfbundle; includeInIndex = 0; path = CountdownerUITests.xctest; sourceTree = BUILT_PRODUCTS_DIR; };
/* End PBXFileReference section */

/* Begin PBXFileSystemSynchronizedRootGroup section */
		90B160E92D08A59D0044A417 /* Countdowner */ = {
			isa = PBXFileSystemSynchronizedRootGroup;
			path = Countdowner;
			sourceTree = "<group>";
		};
		90B160FF2D08A59E0044A417 /* CountdownerTests */ = {
			isa = PBXFileSystemSynchronizedRootGroup;
			path = CountdownerTests;
			sourceTree = "<group>";
		};
		90B161092D08A59E0044A417 /* CountdownerUITests */ = {
			isa = PBXFileSystemSynchronizedRootGroup;
			path = CountdownerUITests;
			sourceTree = "<group>";
		};
/* End PBXFileSystemSynchronizedRootGroup section */

/* Begin PBXFrameworksBuildPhase section */
		90B160E42D08A59D0044A417 /* Frameworks */ = {
			isa = PBXFrameworksBuildPhase;
			buildActionMask = 2147483647;
			files = (
				905AD1372D15EBAF003961F4 /* FirebaseCore in Frameworks */,
				905AD1352D15EBAF003961F4 /* FirebaseAuth in Frameworks */,
				905AD1392D15EBAF003961F4 /* FirebaseFirestore in Frameworks */,
				905AD13B2D15EBAF003961F4 /* FirebaseFunctions in Frameworks */,
			);
			runOnlyForDeploymentPostprocessing = 0;
		};
		90B160F92D08A59E0044A417 /* Frameworks */ = {
			isa = PBXFrameworksBuildPhase;
			buildActionMask = 2147483647;
			files = (
			);
			runOnlyForDeploymentPostprocessing = 0;
		};
		90B161032D08A59E0044A417 /* Frameworks */ = {
			isa = PBXFrameworksBuildPhase;
			buildActionMask = 2147483647;
			files = (
			);
			runOnlyForDeploymentPostprocessing = 0;
		};
/* End PBXFrameworksBuildPhase section */

/* Begin PBXGroup section */
		90B160DE2D08A59D0044A417 = {
			isa = PBXGroup;
			children = (
				90B160E92D08A59D0044A417 /* Countdowner */,
				90B160FF2D08A59E0044A417 /* CountdownerTests */,
				90B161092D08A59E0044A417 /* CountdownerUITests */,
				90B160E82D08A59D0044A417 /* Products */,
			);
			sourceTree = "<group>";
		};
		90B160E82D08A59D0044A417 /* Products */ = {
			isa = PBXGroup;
			children = (
				90B160E72D08A59D0044A417 /* Countdowner.app */,
				90B160FC2D08A59E0044A417 /* CountdownerTests.xctest */,
				90B161062D08A59E0044A417 /* CountdownerUITests.xctest */,
			);
			name = Products;
			sourceTree = "<group>";
		};
/* End PBXGroup section */

/* Begin PBXNativeTarget section */
		90B160E62D08A59D0044A417 /* Countdowner */ = {
			isa = PBXNativeTarget;
			buildConfigurationList = 90B161102D08A59E0044A417 /* Build configuration list for PBXNativeTarget "Countdowner" */;
			buildPhases = (
				90B160E32D08A59D0044A417 /* Sources */,
				90B160E42D08A59D0044A417 /* Frameworks */,
				90B160E52D08A59D0044A417 /* Resources */,
			);
			buildRules = (
			);
			dependencies = (
			);
			fileSystemSynchronizedGroups = (
				90B160E92D08A59D0044A417 /* Countdowner */,
			);
			name = Countdowner;
			packageProductDependencies = (
				905AD1342D15EBAF003961F4 /* FirebaseAuth */,
				905AD1362D15EBAF003961F4 /* FirebaseCore */,
				905AD1382D15EBAF003961F4 /* FirebaseFirestore */,
				905AD13A2D15EBAF003961F4 /* FirebaseFunctions */,
			);
			productName = Countdowner;
			productReference = 90B160E72D08A59D0044A417 /* Countdowner.app */;
			productType = "com.apple.product-type.application";
		};
		90B160FB2D08A59E0044A417 /* CountdownerTests */ = {
			isa = PBXNativeTarget;
			buildConfigurationList = 90B161132D08A59E0044A417 /* Build configuration list for PBXNativeTarget "CountdownerTests" */;
			buildPhases = (
				90B160F82D08A59E0044A417 /* Sources */,
				90B160F92D08A59E0044A417 /* Frameworks */,
				90B160FA2D08A59E0044A417 /* Resources */,
			);
			buildRules = (
			);
			dependencies = (
				90B160FE2D08A59E0044A417 /* PBXTargetDependency */,
			);
			fileSystemSynchronizedGroups = (
				90B160FF2D08A59E0044A417 /* CountdownerTests */,
			);
			name = CountdownerTests;
			packageProductDependencies = (
			);
			productName = CountdownerTests;
			productReference = 90B160FC2D08A59E0044A417 /* CountdownerTests.xctest */;
			productType = "com.apple.product-type.bundle.unit-test";
		};
		90B161052D08A59E0044A417 /* CountdownerUITests */ = {
			isa = PBXNativeTarget;
			buildConfigurationList = 90B161162D08A59E0044A417 /* Build configuration list for PBXNativeTarget "CountdownerUITests" */;
			buildPhases = (
				90B161022D08A59E0044A417 /* Sources */,
				90B161032D08A59E0044A417 /* Frameworks */,
				90B161042D08A59E0044A417 /* Resources */,
			);
			buildRules = (
			);
			dependencies = (
				90B161082D08A59E0044A417 /* PBXTargetDependency */,
			);
			fileSystemSynchronizedGroups = (
				90B161092D08A59E0044A417 /* CountdownerUITests */,
			);
			name = CountdownerUITests;
			packageProductDependencies = (
			);
			productName = CountdownerUITests;
			productReference = 90B161062D08A59E0044A417 /* CountdownerUITests.xctest */;
			productType = "com.apple.product-type.bundle.ui-testing";
		};
/* End PBXNativeTarget section */

/* Begin PBXProject section */
		90B160DF2D08A59D0044A417 /* Project object */ = {
			isa = PBXProject;
			attributes = {
				BuildIndependentTargetsInParallel = 1;
				LastSwiftUpdateCheck = 1610;
				LastUpgradeCheck = 1610;
				TargetAttributes = {
					90B160E62D08A59D0044A417 = {
						CreatedOnToolsVersion = 16.1;
					};
					90B160FB2D08A59E0044A417 = {
						CreatedOnToolsVersion = 16.1;
						TestTargetID = 90B160E62D08A59D0044A417;
					};
					90B161052D08A59E0044A417 = {
						CreatedOnToolsVersion = 16.1;
						TestTargetID = 90B160E62D08A59D0044A417;
					};
				};
			};
			buildConfigurationList = 90B160E22D08A59D0044A417 /* Build configuration list for PBXProject "Countdowner" */;
			developmentRegion = en;
			hasScannedForEncodings = 0;
			knownRegions = (
				en,
				Base,
			);
			mainGroup = 90B160DE2D08A59D0044A417;
			minimizedProjectReferenceProxies = 1;
			packageReferences = (
				905AD1332D15EBAF003961F4 /* XCRemoteSwiftPackageReference "firebase-ios-sdk" */,
			);
			preferredProjectObjectVersion = 77;
			productRefGroup = 90B160E82D08A59D0044A417 /* Products */;
			projectDirPath = "";
			projectRoot = "";
			targets = (
				90B160E62D08A59D0044A417 /* Countdowner */,
				90B160FB2D08A59E0044A417 /* CountdownerTests */,
				90B161052D08A59E0044A417 /* CountdownerUITests */,
			);
		};
/* End PBXProject section */

/* Begin PBXResourcesBuildPhase section */
		90B160E52D08A59D0044A417 /* Resources */ = {
			isa = PBXResourcesBuildPhase;
			buildActionMask = 2147483647;
			files = (
			);
			runOnlyForDeploymentPostprocessing = 0;
		};
		90B160FA2D08A59E0044A417 /* Resources */ = {
			isa = PBXResourcesBuildPhase;
			buildActionMask = 2147483647;
			files = (
			);
			runOnlyForDeploymentPostprocessing = 0;
		};
		90B161042D08A59E0044A417 /* Resources */ = {
			isa = PBXResourcesBuildPhase;
			buildActionMask = 2147483647;
			files = (
			);
			runOnlyForDeploymentPostprocessing = 0;
		};
/* End PBXResourcesBuildPhase section */

/* Begin PBXSourcesBuildPhase section */
		90B160E32D08A59D0044A417 /* Sources */ = {
			isa = PBXSourcesBuildPhase;
			buildActionMask = 2147483647;
			files = (
			);
			runOnlyForDeploymentPostprocessing = 0;
		};
		90B160F82D08A59E0044A417 /* Sources */ = {
			isa = PBXSourcesBuildPhase;
			buildActionMask = 2147483647;
			files = (
			);
			runOnlyForDeploymentPostprocessing = 0;
		};
		90B161022D08A59E0044A417 /* Sources */ = {
			isa = PBXSourcesBuildPhase;
			buildActionMask = 2147483647;
			files = (
			);
			runOnlyForDeploymentPostprocessing = 0;
		};
/* End PBXSourcesBuildPhase section */

/* Begin PBXTargetDependency section */
		90B160FE2D08A59E0044A417 /* PBXTargetDependency */ = {
			isa = PBXTargetDependency;
			target = 90B160E62D08A59D0044A417 /* Countdowner */;
			targetProxy = 90B160FD2D08A59E0044A417 /* PBXContainerItemProxy */;
		};
		90B161082D08A59E0044A417 /* PBXTargetDependency */ = {
			isa = PBXTargetDependency;
			target = 90B160E62D08A59D0044A417 /* Countdowner */;
			targetProxy = 90B161072D08A59E0044A417 /* PBXContainerItemProxy */;
		};
/* End PBXTargetDependency section */

/* Begin XCBuildConfiguration section */
		90B1610E2D08A59E0044A417 /* Debug */ = {
			isa = XCBuildConfiguration;
			buildSettings = {
				ALWAYS_SEARCH_USER_PATHS = NO;
				ASSETCATALOG_COMPILER_GENERATE_SWIFT_ASSET_SYMBOL_EXTENSIONS = YES;
				CLANG_ANALYZER_NONNULL = YES;
				CLANG_ANALYZER_NUMBER_OBJECT_CONVERSION = YES_AGGRESSIVE;
				CLANG_CXX_LANGUAGE_STANDARD = "gnu++20";
				CLANG_ENABLE_MODULES = YES;
				CLANG_ENABLE_OBJC_ARC = YES;
				CLANG_ENABLE_OBJC_WEAK = YES;
				CLANG_WARN_BLOCK_CAPTURE_AUTORELEASING = YES;
				CLANG_WARN_BOOL_CONVERSION = YES;
				CLANG_WARN_COMMA = YES;
				CLANG_WARN_CONSTANT_CONVERSION = YES;
				CLANG_WARN_DEPRECATED_OBJC_IMPLEMENTATIONS = YES;
				CLANG_WARN_DIRECT_OBJC_ISA_USAGE = YES_ERROR;
				CLANG_WARN_DOCUMENTATION_COMMENTS = YES;
				CLANG_WARN_EMPTY_BODY = YES;
				CLANG_WARN_ENUM_CONVERSION = YES;
				CLANG_WARN_INFINITE_RECURSION = YES;
				CLANG_WARN_INT_CONVERSION = YES;
				CLANG_WARN_NON_LITERAL_NULL_CONVERSION = YES;
				CLANG_WARN_OBJC_IMPLICIT_RETAIN_SELF = YES;
				CLANG_WARN_OBJC_LITERAL_CONVERSION = YES;
				CLANG_WARN_OBJC_ROOT_CLASS = YES_ERROR;
				CLANG_WARN_QUOTED_INCLUDE_IN_FRAMEWORK_HEADER = YES;
				CLANG_WARN_RANGE_LOOP_ANALYSIS = YES;
				CLANG_WARN_STRICT_PROTOTYPES = YES;
				CLANG_WARN_SUSPICIOUS_MOVE = YES;
				CLANG_WARN_UNGUARDED_AVAILABILITY = YES_AGGRESSIVE;
				CLANG_WARN_UNREACHABLE_CODE = YES;
				CLANG_WARN__DUPLICATE_METHOD_MATCH = YES;
				COPY_PHASE_STRIP = NO;
				DEBUG_INFORMATION_FORMAT = dwarf;
				ENABLE_STRICT_OBJC_MSGSEND = YES;
				ENABLE_TESTABILITY = YES;
				ENABLE_USER_SCRIPT_SANDBOXING = YES;
				GCC_C_LANGUAGE_STANDARD = gnu17;
				GCC_DYNAMIC_NO_PIC = NO;
				GCC_NO_COMMON_BLOCKS = YES;
				GCC_OPTIMIZATION_LEVEL = 0;
				GCC_PREPROCESSOR_DEFINITIONS = (
					"DEBUG=1",
					"$(inherited)",
				);
				GCC_WARN_64_TO_32_BIT_CONVERSION = YES;
				GCC_WARN_ABOUT_RETURN_TYPE = YES_ERROR;
				GCC_WARN_UNDECLARED_SELECTOR = YES;
				GCC_WARN_UNINITIALIZED_AUTOS = YES_AGGRESSIVE;
				GCC_WARN_UNUSED_FUNCTION = YES;
				GCC_WARN_UNUSED_VARIABLE = YES;
				IPHONEOS_DEPLOYMENT_TARGET = 18.1;
				LOCALIZATION_PREFERS_STRING_CATALOGS = YES;
				MTL_ENABLE_DEBUG_INFO = INCLUDE_SOURCE;
				MTL_FAST_MATH = YES;
				ONLY_ACTIVE_ARCH = YES;
				SDKROOT = iphoneos;
				SWIFT_ACTIVE_COMPILATION_CONDITIONS = "DEBUG $(inherited)";
				SWIFT_OPTIMIZATION_LEVEL = "-Onone";
			};
			name = Debug;
		};
		90B1610F2D08A59E0044A417 /* Release */ = {
			isa = XCBuildConfiguration;
			buildSettings = {
				ALWAYS_SEARCH_USER_PATHS = NO;
				ASSETCATALOG_COMPILER_GENERATE_SWIFT_ASSET_SYMBOL_EXTENSIONS = YES;
				CLANG_ANALYZER_NONNULL = YES;
				CLANG_ANALYZER_NUMBER_OBJECT_CONVERSION = YES_AGGRESSIVE;
				CLANG_CXX_LANGUAGE_STANDARD = "gnu++20";
				CLANG_ENABLE_MODULES = YES;
				CLANG_ENABLE_OBJC_ARC = YES;
				CLANG_ENABLE_OBJC_WEAK = YES;
				CLANG_WARN_BLOCK_CAPTURE_AUTORELEASING = YES;
				CLANG_WARN_BOOL_CONVERSION = YES;
				CLANG_WARN_COMMA = YES;
				CLANG_WARN_CONSTANT_CONVERSION = YES;
				CLANG_WARN_DEPRECATED_OBJC_IMPLEMENTATIONS = YES;
				CLANG_WARN_DIRECT_OBJC_ISA_USAGE = YES_ERROR;
				CLANG_WARN_DOCUMENTATION_COMMENTS = YES;
				CLANG_WARN_EMPTY_BODY = YES;
				CLANG_WARN_ENUM_CONVERSION = YES;
				CLANG_WARN_INFINITE_RECURSION = YES;
				CLANG_WARN_INT_CONVERSION = YES;
				CLANG_WARN_NON_LITERAL_NULL_CONVERSION = YES;
				CLANG_WARN_OBJC_IMPLICIT_RETAIN_SELF = YES;
				CLANG_WARN_OBJC_LITERAL_CONVERSION = YES;
				CLANG_WARN_OBJC_ROOT_CLASS = YES_ERROR;
				CLANG_WARN_QUOTED_INCLUDE_IN_FRAMEWORK_HEADER = YES;
				CLANG_WARN_RANGE_LOOP_ANALYSIS = YES;
				CLANG_WARN_STRICT_PROTOTYPES = YES;
				CLANG_WARN_SUSPICIOUS_MOVE = YES;
				CLANG_WARN_UNGUARDED_AVAILABILITY = YES_AGGRESSIVE;
				CLANG_WARN_UNREACHABLE_CODE = YES;
				CLANG_WARN__DUPLICATE_METHOD_MATCH = YES;
				COPY_PHASE_STRIP = NO;
				DEBUG_INFORMATION_FORMAT = "dwarf-with-dsym";
				ENABLE_NS_ASSERTIONS = NO;
				ENABLE_STRICT_OBJC_MSGSEND = YES;
				ENABLE_USER_SCRIPT_SANDBOXING = YES;
				GCC_C_LANGUAGE_STANDARD = gnu17;
				GCC_NO_COMMON_BLOCKS = YES;
				GCC_WARN_64_TO_32_BIT_CONVERSION = YES;
				GCC_WARN_ABOUT_RETURN_TYPE = YES_ERROR;
				GCC_WARN_UNDECLARED_SELECTOR = YES;
				GCC_WARN_UNINITIALIZED_AUTOS = YES_AGGRESSIVE;
				GCC_WARN_UNUSED_FUNCTION = YES;
				GCC_WARN_UNUSED_VARIABLE = YES;
				IPHONEOS_DEPLOYMENT_TARGET = 18.1;
				LOCALIZATION_PREFERS_STRING_CATALOGS = YES;
				MTL_ENABLE_DEBUG_INFO = NO;
				MTL_FAST_MATH = YES;
				SDKROOT = iphoneos;
				SWIFT_COMPILATION_MODE = wholemodule;
				VALIDATE_PRODUCT = YES;
			};
			name = Release;
		};
		90B161112D08A59E0044A417 /* Debug */ = {
			isa = XCBuildConfiguration;
			buildSettings = {
				ASSETCATALOG_COMPILER_APPICON_NAME = AppIcon;
				ASSETCATALOG_COMPILER_GLOBAL_ACCENT_COLOR_NAME = AccentColor;
				CODE_SIGN_STYLE = Automatic;
				CURRENT_PROJECT_VERSION = 1;
				DEVELOPMENT_ASSET_PATHS = "\"Countdowner/Preview Content\"";
				DEVELOPMENT_TEAM = D3QH5PB9TB;
				ENABLE_PREVIEWS = YES;
				GENERATE_INFOPLIST_FILE = YES;
				INFOPLIST_KEY_UIApplicationSceneManifest_Generation = YES;
				INFOPLIST_KEY_UIApplicationSupportsIndirectInputEvents = YES;
				INFOPLIST_KEY_UILaunchScreen_Generation = YES;
				INFOPLIST_KEY_UISupportedInterfaceOrientations_iPad = "UIInterfaceOrientationPortrait UIInterfaceOrientationPortraitUpsideDown UIInterfaceOrientationLandscapeLeft UIInterfaceOrientationLandscapeRight";
				INFOPLIST_KEY_UISupportedInterfaceOrientations_iPhone = "UIInterfaceOrientationPortrait UIInterfaceOrientationLandscapeLeft UIInterfaceOrientationLandscapeRight";
				LD_RUNPATH_SEARCH_PATHS = (
					"$(inherited)",
					"@executable_path/Frameworks",
				);
				MARKETING_VERSION = 1.0;
				PRODUCT_BUNDLE_IDENTIFIER = com.shmeelok.Countdowner;
				PRODUCT_NAME = "$(TARGET_NAME)";
				SWIFT_EMIT_LOC_STRINGS = YES;
				SWIFT_VERSION = 5.0;
				TARGETED_DEVICE_FAMILY = "1,2";
			};
			name = Debug;
		};
		90B161122D08A59E0044A417 /* Release */ = {
			isa = XCBuildConfiguration;
			buildSettings = {
				ASSETCATALOG_COMPILER_APPICON_NAME = AppIcon;
				ASSETCATALOG_COMPILER_GLOBAL_ACCENT_COLOR_NAME = AccentColor;
				CODE_SIGN_STYLE = Automatic;
				CURRENT_PROJECT_VERSION = 1;
				DEVELOPMENT_ASSET_PATHS = "\"Countdowner/Preview Content\"";
				DEVELOPMENT_TEAM = D3QH5PB9TB;
				ENABLE_PREVIEWS = YES;
				GENERATE_INFOPLIST_FILE = YES;
				INFOPLIST_KEY_UIApplicationSceneManifest_Generation = YES;
				INFOPLIST_KEY_UIApplicationSupportsIndirectInputEvents = YES;
				INFOPLIST_KEY_UILaunchScreen_Generation = YES;
				INFOPLIST_KEY_UISupportedInterfaceOrientations_iPad = "UIInterfaceOrientationPortrait UIInterfaceOrientationPortraitUpsideDown UIInterfaceOrientationLandscapeLeft UIInterfaceOrientationLandscapeRight";
				INFOPLIST_KEY_UISupportedInterfaceOrientations_iPhone = "UIInterfaceOrientationPortrait UIInterfaceOrientationLandscapeLeft UIInterfaceOrientationLandscapeRight";
				LD_RUNPATH_SEARCH_PATHS = (
					"$(inherited)",
					"@executable_path/Frameworks",
				);
				MARKETING_VERSION = 1.0;
				PRODUCT_BUNDLE_IDENTIFIER = com.shmeelok.Countdowner;
				PRODUCT_NAME = "$(TARGET_NAME)";
				SWIFT_EMIT_LOC_STRINGS = YES;
				SWIFT_VERSION = 5.0;
				TARGETED_DEVICE_FAMILY = "1,2";
			};
			name = Release;
		};
		90B161142D08A59E0044A417 /* Debug */ = {
			isa = XCBuildConfiguration;
			buildSettings = {
				BUNDLE_LOADER = "$(TEST_HOST)";
				CODE_SIGN_STYLE = Automatic;
				CURRENT_PROJECT_VERSION = 1;
				DEVELOPMENT_TEAM = D3QH5PB9TB;
				GENERATE_INFOPLIST_FILE = YES;
				IPHONEOS_DEPLOYMENT_TARGET = 18.1;
				MARKETING_VERSION = 1.0;
				PRODUCT_BUNDLE_IDENTIFIER = com.shmeelok.CountdownerTests;
				PRODUCT_NAME = "$(TARGET_NAME)";
				SWIFT_EMIT_LOC_STRINGS = NO;
				SWIFT_VERSION = 5.0;
				TARGETED_DEVICE_FAMILY = "1,2";
				TEST_HOST = "$(BUILT_PRODUCTS_DIR)/Countdowner.app/$(BUNDLE_EXECUTABLE_FOLDER_PATH)/Countdowner";
			};
			name = Debug;
		};
		90B161152D08A59E0044A417 /* Release */ = {
			isa = XCBuildConfiguration;
			buildSettings = {
				BUNDLE_LOADER = "$(TEST_HOST)";
				CODE_SIGN_STYLE = Automatic;
				CURRENT_PROJECT_VERSION = 1;
				DEVELOPMENT_TEAM = D3QH5PB9TB;
				GENERATE_INFOPLIST_FILE = YES;
				IPHONEOS_DEPLOYMENT_TARGET = 18.1;
				MARKETING_VERSION = 1.0;
				PRODUCT_BUNDLE_IDENTIFIER = com.shmeelok.CountdownerTests;
				PRODUCT_NAME = "$(TARGET_NAME)";
				SWIFT_EMIT_LOC_STRINGS = NO;
				SWIFT_VERSION = 5.0;
				TARGETED_DEVICE_FAMILY = "1,2";
				TEST_HOST = "$(BUILT_PRODUCTS_DIR)/Countdowner.app/$(BUNDLE_EXECUTABLE_FOLDER_PATH)/Countdowner";
			};
			name = Release;
		};
		90B161172D08A59E0044A417 /* Debug */ = {
			isa = XCBuildConfiguration;
			buildSettings = {
				CODE_SIGN_STYLE = Automatic;
				CURRENT_PROJECT_VERSION = 1;
				DEVELOPMENT_TEAM = D3QH5PB9TB;
				GENERATE_INFOPLIST_FILE = YES;
				MARKETING_VERSION = 1.0;
				PRODUCT_BUNDLE_IDENTIFIER = com.shmeelok.CountdownerUITests;
				PRODUCT_NAME = "$(TARGET_NAME)";
				SWIFT_EMIT_LOC_STRINGS = NO;
				SWIFT_VERSION = 5.0;
				TARGETED_DEVICE_FAMILY = "1,2";
				TEST_TARGET_NAME = Countdowner;
			};
			name = Debug;
		};
		90B161182D08A59E0044A417 /* Release */ = {
			isa = XCBuildConfiguration;
			buildSettings = {
				CODE_SIGN_STYLE = Automatic;
				CURRENT_PROJECT_VERSION = 1;
				DEVELOPMENT_TEAM = D3QH5PB9TB;
				GENERATE_INFOPLIST_FILE = YES;
				MARKETING_VERSION = 1.0;
				PRODUCT_BUNDLE_IDENTIFIER = com.shmeelok.CountdownerUITests;
				PRODUCT_NAME = "$(TARGET_NAME)";
				SWIFT_EMIT_LOC_STRINGS = NO;
				SWIFT_VERSION = 5.0;
				TARGETED_DEVICE_FAMILY = "1,2";
				TEST_TARGET_NAME = Countdowner;
			};
			name = Release;
		};
/* End XCBuildConfiguration section */

/* Begin XCConfigurationList section */
		90B160E22D08A59D0044A417 /* Build configuration list for PBXProject "Countdowner" */ = {
			isa = XCConfigurationList;
			buildConfigurations = (
				90B1610E2D08A59E0044A417 /* Debug */,
				90B1610F2D08A59E0044A417 /* Release */,
			);
			defaultConfigurationIsVisible = 0;
			defaultConfigurationName = Release;
		};
		90B161102D08A59E0044A417 /* Build configuration list for PBXNativeTarget "Countdowner" */ = {
			isa = XCConfigurationList;
			buildConfigurations = (
				90B161112D08A59E0044A417 /* Debug */,
				90B161122D08A59E0044A417 /* Release */,
			);
			defaultConfigurationIsVisible = 0;
			defaultConfigurationName = Release;
		};
		90B161132D08A59E0044A417 /* Build configuration list for PBXNativeTarget "CountdownerTests" */ = {
			isa = XCConfigurationList;
			buildConfigurations = (
				90B161142D08A59E0044A417 /* Debug */,
				90B161152D08A59E0044A417 /* Release */,
			);
			defaultConfigurationIsVisible = 0;
			defaultConfigurationName = Release;
		};
		90B161162D08A59E0044A417 /* Build configuration list for PBXNativeTarget "CountdownerUITests" */ = {
			isa = XCConfigurationList;
			buildConfigurations = (
				90B161172D08A59E0044A417 /* Debug */,
				90B161182D08A59E0044A417 /* Release */,
			);
			defaultConfigurationIsVisible = 0;
			defaultConfigurationName = Release;
		};
/* End XCConfigurationList section */

/* Begin XCRemoteSwiftPackageReference section */
		905AD1332D15EBAF003961F4 /* XCRemoteSwiftPackageReference "firebase-ios-sdk" */ = {
			isa = XCRemoteSwiftPackageReference;
			repositoryURL = "https://github.com/firebase/firebase-ios-sdk";
			requirement = {
				kind = upToNextMajorVersion;
				minimumVersion = 11.6.0;
			};
		};
/* End XCRemoteSwiftPackageReference section */

/* Begin XCSwiftPackageProductDependency section */
		905AD1342D15EBAF003961F4 /* FirebaseAuth */ = {
			isa = XCSwiftPackageProductDependency;
			package = 905AD1332D15EBAF003961F4 /* XCRemoteSwiftPackageReference "firebase-ios-sdk" */;
			productName = FirebaseAuth;
		};
		905AD1362D15EBAF003961F4 /* FirebaseCore */ = {
			isa = XCSwiftPackageProductDependency;
			package = 905AD1332D15EBAF003961F4 /* XCRemoteSwiftPackageReference "firebase-ios-sdk" */;
			productName = FirebaseCore;
		};
		905AD1382D15EBAF003961F4 /* FirebaseFirestore */ = {
			isa = XCSwiftPackageProductDependency;
			package = 905AD1332D15EBAF003961F4 /* XCRemoteSwiftPackageReference "firebase-ios-sdk" */;
			productName = FirebaseFirestore;
		};
		905AD13A2D15EBAF003961F4 /* FirebaseFunctions */ = {
			isa = XCSwiftPackageProductDependency;
			package = 905AD1332D15EBAF003961F4 /* XCRemoteSwiftPackageReference "firebase-ios-sdk" */;
			productName = FirebaseFunctions;
		};
/* End XCSwiftPackageProductDependency section */
	};
	rootObject = 90B160DF2D08A59D0044A417 /* Project object */;
}
